
Microsoft Visual Studio Solution File, Format Version 12.00
# Visual Studio Version 18
VisualStudioVersion = 18.1.11312.151
MinimumVisualStudioVersion = 10.0.40219.1
Project("{FAE04EC0-301F-11D3-BF4B-00C04F79EFBC}") = "InfraManager", "InfraManager.csproj", "{0282D99D-6A52-257F-5640-58CF67715B7D}"
EndProject
Project("{2150E333-8FDC-42A3-9474-1A3956D46DE8}") = "Itens de Solução", "Itens de Solução", "{D93884AA-CBED-4328-8752-588A7B227075}"
	ProjectSection(SolutionItems) = preProject
		README.md = README.md
	EndProjectSection
EndProject
Global
	GlobalSection(SolutionConfigurationPlatforms) = preSolution
		Debug|Any CPU = Debug|Any CPU
		Release|Any CPU = Release|Any CPU
	EndGlobalSection
	GlobalSection(ProjectConfigurationPlatforms) = postSolution
		{0282D99D-6A52-257F-5640-58CF67715B7D}.Debug|Any CPU.ActiveCfg = Debug|Any CPU
		{0282D99D-6A52-257F-5640-58CF67715B7D}.Debug|Any CPU.Build.0 = Debug|Any CPU
		{0282D99D-6A52-257F-5640-58CF67715B7D}.Release|Any CPU.ActiveCfg = Release|Any CPU
		{0282D99D-6A52-257F-5640-58CF67715B7D}.Release|Any CPU.Build.0 = Release|Any CPU
	EndGlobalSection
	GlobalSection(SolutionProperties) = preSolution
		HideSolutionNode = FALSE
	EndGlobalSection
	GlobalSection(ExtensibilityGlobals) = postSolution
		SolutionGuid = {814E598D-2C82-4036-9B17-2D4DA7ADF6F8}
	EndGlobalSection
EndGlobal
